
Microsoft Visual Studio Solution File, Format Version 12.00
# Visual Studio Version 16
VisualStudioVersion = 16.0.29318.209
MinimumVisualStudioVersion = 10.0.40219.1
Project("{9A19103F-16F7-4668-BE54-9A1E7A4F7556}") = "Admin", "Admin\Admin.csproj", "{141C2E3A-1DD7-4446-814D-2DB65DC1D743}"
EndProject
Project("{9A19103F-16F7-4668-BE54-9A1E7A4F7556}") = "Logic", "Logic\Logic.csproj", "{ED2DE18E-571A-4C50-8575-04E6D401AB07}"
EndProject
Project("{9A19103F-16F7-4668-BE54-9A1E7A4F7556}") = "Entitys", "Entitys\Entitys.csproj", "{8A770F08-057B-4218-8AE0-BA02BEF1FF0D}"
EndProject
Project("{9A19103F-16F7-4668-BE54-9A1E7A4F7556}") = "DbFrame", "DbFrame\DbFrame.csproj", "{B670C4C1-DE1B-4613-9B82-ACAD1B80F3D6}"
EndProject
Project("{9A19103F-16F7-4668-BE54-9A1E7A4F7556}") = "Toolkit", "Toolkit\Toolkit.csproj", "{AE4BE489-E54C-4BA7-9D3B-BBA36AF112CA}"
EndProject
Project("{2150E333-8FDC-42A3-9474-1A3956D46DE8}") = "数据访问、工具", "数据访问、工具", "{8D66A4E9-0BEB-46F4-A42F-6155A089746D}"
EndProject
Project("{2150E333-8FDC-42A3-9474-1A3956D46DE8}") = "Api", "Api", "{26D65A55-3A89-4F45-84DD-8DD7EF8F493A}"
EndProject
Global
	GlobalSection(SolutionConfigurationPlatforms) = preSolution
		Debug|Any CPU = Debug|Any CPU
		Release|Any CPU = Release|Any CPU
	EndGlobalSection
	GlobalSection(ProjectConfigurationPlatforms) = postSolution
		{141C2E3A-1DD7-4446-814D-2DB65DC1D743}.Debug|Any CPU.ActiveCfg = Debug|Any CPU
		{141C2E3A-1DD7-4446-814D-2DB65DC1D743}.Debug|Any CPU.Build.0 = Debug|Any CPU
		{141C2E3A-1DD7-4446-814D-2DB65DC1D743}.Release|Any CPU.ActiveCfg = Release|Any CPU
		{141C2E3A-1DD7-4446-814D-2DB65DC1D743}.Release|Any CPU.Build.0 = Release|Any CPU
		{ED2DE18E-571A-4C50-8575-04E6D401AB07}.Debug|Any CPU.ActiveCfg = Debug|Any CPU
		{ED2DE18E-571A-4C50-8575-04E6D401AB07}.Debug|Any CPU.Build.0 = Debug|Any CPU
		{ED2DE18E-571A-4C50-8575-04E6D401AB07}.Release|Any CPU.ActiveCfg = Release|Any CPU
		{ED2DE18E-571A-4C50-8575-04E6D401AB07}.Release|Any CPU.Build.0 = Release|Any CPU
		{8A770F08-057B-4218-8AE0-BA02BEF1FF0D}.Debug|Any CPU.ActiveCfg = Debug|Any CPU
		{8A770F08-057B-4218-8AE0-BA02BEF1FF0D}.Debug|Any CPU.Build.0 = Debug|Any CPU
		{8A770F08-057B-4218-8AE0-BA02BEF1FF0D}.Release|Any CPU.ActiveCfg = Release|Any CPU
		{8A770F08-057B-4218-8AE0-BA02BEF1FF0D}.Release|Any CPU.Build.0 = Release|Any CPU
		{B670C4C1-DE1B-4613-9B82-ACAD1B80F3D6}.Debug|Any CPU.ActiveCfg = Debug|Any CPU
		{B670C4C1-DE1B-4613-9B82-ACAD1B80F3D6}.Debug|Any CPU.Build.0 = Debug|Any CPU
		{B670C4C1-DE1B-4613-9B82-ACAD1B80F3D6}.Release|Any CPU.ActiveCfg = Release|Any CPU
		{B670C4C1-DE1B-4613-9B82-ACAD1B80F3D6}.Release|Any CPU.Build.0 = Release|Any CPU
		{AE4BE489-E54C-4BA7-9D3B-BBA36AF112CA}.Debug|Any CPU.ActiveCfg = Debug|Any CPU
		{AE4BE489-E54C-4BA7-9D3B-BBA36AF112CA}.Debug|Any CPU.Build.0 = Debug|Any CPU
		{AE4BE489-E54C-4BA7-9D3B-BBA36AF112CA}.Release|Any CPU.ActiveCfg = Release|Any CPU
		{AE4BE489-E54C-4BA7-9D3B-BBA36AF112CA}.Release|Any CPU.Build.0 = Release|Any CPU
	EndGlobalSection
	GlobalSection(SolutionProperties) = preSolution
		HideSolutionNode = FALSE
	EndGlobalSection
	GlobalSection(NestedProjects) = preSolution
		{141C2E3A-1DD7-4446-814D-2DB65DC1D743} = {26D65A55-3A89-4F45-84DD-8DD7EF8F493A}
		{B670C4C1-DE1B-4613-9B82-ACAD1B80F3D6} = {8D66A4E9-0BEB-46F4-A42F-6155A089746D}
		{AE4BE489-E54C-4BA7-9D3B-BBA36AF112CA} = {8D66A4E9-0BEB-46F4-A42F-6155A089746D}
	EndGlobalSection
	GlobalSection(ExtensibilityGlobals) = postSolution
		VisualSVNWorkingCopyRoot = .
		SolutionGuid = {F943025E-485D-43DD-B0A9-1EC556B0CF35}
	EndGlobalSection
EndGlobal
